
Microsoft Visual Studio Solution File, Format Version 12.00
# Visual Studio Version 17
VisualStudioVersion = 17.9.34728.123
MinimumVisualStudioVersion = 10.0.40219.1
Project("{FAE04EC0-301F-11D3-BF4B-00C04F79EFBC}") = "GazeteProje", "GazeteProje\GazeteProje.csproj", "{4332A265-CEEA-4DD8-BCD4-B2147157F43E}"
EndProject
Global
	GlobalSection(SolutionConfigurationPlatforms) = preSolution
		Debug|Any CPU = Debug|Any CPU
		Release|Any CPU = Release|Any CPU
	EndGlobalSection
	GlobalSection(ProjectConfigurationPlatforms) = postSolution
		{4332A265-CEEA-4DD8-BCD4-B2147157F43E}.Debug|Any CPU.ActiveCfg = Debug|Any CPU
		{4332A265-CEEA-4DD8-BCD4-B2147157F43E}.Debug|Any CPU.Build.0 = Debug|Any CPU
		{4332A265-CEEA-4DD8-BCD4-B2147157F43E}.Release|Any CPU.ActiveCfg = Release|Any CPU
		{4332A265-CEEA-4DD8-BCD4-B2147157F43E}.Release|Any CPU.Build.0 = Release|Any CPU
	EndGlobalSection
	GlobalSection(SolutionProperties) = preSolution
		HideSolutionNode = FALSE
	EndGlobalSection
	GlobalSection(ExtensibilityGlobals) = postSolution
		SolutionGuid = {1020F025-98E4-49A8-A204-0379944D70CD}
	EndGlobalSection
EndGlobal
